PODS:
  - MediaKeyTap (2.2.1)
  - Preferences (0.2.0)

DEPENDENCIES:
  - MediaKeyTap
  - Preferences (= 0.2.0)

SPEC REPOS:
  trunk:
    - MediaKeyTap
    - Preferences

SPEC CHECKSUMS:
  MediaKeyTap: 737434cc2459e5fb9385f7e8974939ee833cd8ec
  Preferences: ebc036a176a298cde835155c73251173768a2f8d

PODFILE CHECKSUM: 14d662eb8fd94a03d08670dcc979e9850233e7f8

COCOAPODS: 1.9.0
