// !$*UTF8*$!
{
	archiveVersion = 1;
	classes = {
	};
	objectVersion = 50;
	objects = {

/* Begin PBXBuildFile section */
		B30773C021E40C5A005357D2 /* NSTextField+Extensions.swift in Sources */ = {isa = PBXBuildFile; fileRef = B30773BF21E40C5A005357D2 /* NSTextField+Extensions.swift */; };
<<<<<<< HEAD
		B30773C721E40F2B005357D2 /* SPMediaKeyTap.m in Sources */ = {isa = PBXBuildFile; fileRef = B30773C321E40F29005357D2 /* SPMediaKeyTap.m */; };
		B30773C821E40F2B005357D2 /* SPInvocationGrabbing in Resources */ = {isa = PBXBuildFile; fileRef = B30773C421E40F2A005357D2 /* SPInvocationGrabbing */; };
=======
>>>>>>> 688ca53... Integrate with MediaKeyTap.
		B30773CB21E41B65005357D2 /* AboutViewController.swift in Sources */ = {isa = PBXBuildFile; fileRef = B30773CA21E41B65005357D2 /* AboutViewController.swift */; };
		B39DC9D421DEC775004D4AA0 /* AppDelegate.swift in Sources */ = {isa = PBXBuildFile; fileRef = B39DC9D321DEC775004D4AA0 /* AppDelegate.swift */; };
		B39DC9D621DEC777004D4AA0 /* Assets.xcassets in Resources */ = {isa = PBXBuildFile; fileRef = B39DC9D521DEC777004D4AA0 /* Assets.xcassets */; };
		B39DC9D921DEC777004D4AA0 /* MainMenu.xib in Resources */ = {isa = PBXBuildFile; fileRef = B39DC9D721DEC777004D4AA0 /* MainMenu.xib */; };
		B39DC9E321DEC8D8004D4AA0 /* StationsViewController.swift in Sources */ = {isa = PBXBuildFile; fileRef = B39DC9E121DEC8D8004D4AA0 /* StationsViewController.swift */; };
		B39DC9E421DEC8D8004D4AA0 /* StationsViewController.xib in Resources */ = {isa = PBXBuildFile; fileRef = B39DC9E221DEC8D8004D4AA0 /* StationsViewController.xib */; };
		B39DC9E821DEC8F3004D4AA0 /* AboutViewController.xib in Resources */ = {isa = PBXBuildFile; fileRef = B39DC9E621DEC8F3004D4AA0 /* AboutViewController.xib */; };
		B39DC9EC21DECD41004D4AA0 /* AVFoundation.framework in Frameworks */ = {isa = PBXBuildFile; fileRef = B39DC9EB21DECD41004D4AA0 /* AVFoundation.framework */; };
		B39DC9EE21DF05EE004D4AA0 /* StationsManager.swift in Sources */ = {isa = PBXBuildFile; fileRef = B39DC9ED21DF05EE004D4AA0 /* StationsManager.swift */; };
		D30A5C6A087AF1BE0E4F6437 /* libPods-NPR.a in Frameworks */ = {isa = PBXBuildFile; fileRef = A2577E75BD30208850F23153 /* libPods-NPR.a */; };
/* End PBXBuildFile section */

/* Begin PBXFileReference section */
		785D33762B5B498312EB51E6 /* Pods-NPR.debug.xcconfig */ = {isa = PBXFileReference; includeInIndex = 1; lastKnownFileType = text.xcconfig; name = "Pods-NPR.debug.xcconfig"; path = "Pods/Target Support Files/Pods-NPR/Pods-NPR.debug.xcconfig"; sourceTree = "<group>"; };
		A2577E75BD30208850F23153 /* libPods-NPR.a */ = {isa = PBXFileReference; explicitFileType = archive.ar; includeInIndex = 0; path = "libPods-NPR.a"; sourceTree = BUILT_PRODUCTS_DIR; };
		B30773BF21E40C5A005357D2 /* NSTextField+Extensions.swift */ = {isa = PBXFileReference; lastKnownFileType = sourcecode.swift; path = "NSTextField+Extensions.swift"; sourceTree = "<group>"; };
<<<<<<< HEAD
		B30773C221E40F28005357D2 /* NPR-Bridging-Header.h */ = {isa = PBXFileReference; lastKnownFileType = sourcecode.c.h; path = "NPR-Bridging-Header.h"; sourceTree = "<group>"; };
		B30773C321E40F29005357D2 /* SPMediaKeyTap.m */ = {isa = PBXFileReference; fileEncoding = 4; lastKnownFileType = sourcecode.c.objc; name = SPMediaKeyTap.m; path = "../../../../Downloads/SPMediaKeyTap-master/SPMediaKeyTap.m"; sourceTree = "<group>"; };
		B30773C421E40F2A005357D2 /* SPInvocationGrabbing */ = {isa = PBXFileReference; lastKnownFileType = folder; name = SPInvocationGrabbing; path = "../../../../Downloads/SPMediaKeyTap-master/SPInvocationGrabbing"; sourceTree = "<group>"; };
		B30773C521E40F2B005357D2 /* SPMediaKeyTap.h */ = {isa = PBXFileReference; fileEncoding = 4; lastKnownFileType = sourcecode.c.h; name = SPMediaKeyTap.h; path = "../../../../Downloads/SPMediaKeyTap-master/SPMediaKeyTap.h"; sourceTree = "<group>"; };
=======
>>>>>>> 688ca53... Integrate with MediaKeyTap.
		B30773CA21E41B65005357D2 /* AboutViewController.swift */ = {isa = PBXFileReference; fileEncoding = 4; lastKnownFileType = sourcecode.swift; path = AboutViewController.swift; sourceTree = "<group>"; };
		B39DC9D021DEC775004D4AA0 /* NPR.app */ = {isa = PBXFileReference; explicitFileType = wrapper.application; includeInIndex = 0; path = NPR.app; sourceTree = BUILT_PRODUCTS_DIR; };
		B39DC9D321DEC775004D4AA0 /* AppDelegate.swift */ = {isa = PBXFileReference; lastKnownFileType = sourcecode.swift; path = AppDelegate.swift; sourceTree = "<group>"; };
		B39DC9D521DEC777004D4AA0 /* Assets.xcassets */ = {isa = PBXFileReference; lastKnownFileType = folder.assetcatalog; path = Assets.xcassets; sourceTree = "<group>"; };
		B39DC9D821DEC777004D4AA0 /* Base */ = {isa = PBXFileReference; lastKnownFileType = file.xib; name = Base; path = Base.lproj/MainMenu.xib; sourceTree = "<group>"; };
		B39DC9DA21DEC777004D4AA0 /* Info.plist */ = {isa = PBXFileReference; lastKnownFileType = text.plist.xml; path = Info.plist; sourceTree = "<group>"; };
		B39DC9DB21DEC777004D4AA0 /* NPR.entitlements */ = {isa = PBXFileReference; lastKnownFileType = text.plist.entitlements; path = NPR.entitlements; sourceTree = "<group>"; };
		B39DC9E121DEC8D8004D4AA0 /* StationsViewController.swift */ = {isa = PBXFileReference; lastKnownFileType = sourcecode.swift; path = StationsViewController.swift; sourceTree = "<group>"; };
		B39DC9E221DEC8D8004D4AA0 /* StationsViewController.xib */ = {isa = PBXFileReference; lastKnownFileType = file.xib; path = StationsViewController.xib; sourceTree = "<group>"; };
		B39DC9E621DEC8F3004D4AA0 /* AboutViewController.xib */ = {isa = PBXFileReference; lastKnownFileType = file.xib; path = AboutViewController.xib; sourceTree = "<group>"; };
		B39DC9E921DECD29004D4AA0 /* CoreAudio.framework */ = {isa = PBXFileReference; lastKnownFileType = wrapper.framework; name = CoreAudio.framework; path = System/Library/Frameworks/CoreAudio.framework; sourceTree = SDKROOT; };
		B39DC9EB21DECD41004D4AA0 /* AVFoundation.framework */ = {isa = PBXFileReference; lastKnownFileType = wrapper.framework; name = AVFoundation.framework; path = System/Library/Frameworks/AVFoundation.framework; sourceTree = SDKROOT; };
		B39DC9ED21DF05EE004D4AA0 /* StationsManager.swift */ = {isa = PBXFileReference; lastKnownFileType = sourcecode.swift; path = StationsManager.swift; sourceTree = "<group>"; };
		D2B8C3C349D1431CB7D97586 /* Pods-NPR.release.xcconfig */ = {isa = PBXFileReference; includeInIndex = 1; lastKnownFileType = text.xcconfig; name = "Pods-NPR.release.xcconfig"; path = "Pods/Target Support Files/Pods-NPR/Pods-NPR.release.xcconfig"; sourceTree = "<group>"; };
/* End PBXFileReference section */

/* Begin PBXFrameworksBuildPhase section */
		B39DC9CD21DEC775004D4AA0 /* Frameworks */ = {
			isa = PBXFrameworksBuildPhase;
			buildActionMask = 2147483647;
			files = (
				B39DC9EC21DECD41004D4AA0 /* AVFoundation.framework in Frameworks */,
				D30A5C6A087AF1BE0E4F6437 /* libPods-NPR.a in Frameworks */,
			);
			runOnlyForDeploymentPostprocessing = 0;
		};
/* End PBXFrameworksBuildPhase section */

/* Begin PBXGroup section */
		61068FE88826661519D02B5C /* Frameworks */ = {
			isa = PBXGroup;
			children = (
				B39DC9EB21DECD41004D4AA0 /* AVFoundation.framework */,
				B39DC9E921DECD29004D4AA0 /* CoreAudio.framework */,
				A2577E75BD30208850F23153 /* libPods-NPR.a */,
			);
			name = Frameworks;
			sourceTree = "<group>";
		};
		B30773BE21E40C4C005357D2 /* Extensions */ = {
			isa = PBXGroup;
			children = (
				B30773BF21E40C5A005357D2 /* NSTextField+Extensions.swift */,
			);
			path = Extensions;
			sourceTree = "<group>";
		};
<<<<<<< HEAD
		B30773C121E40F15005357D2 /* SPMediaKeyTap */ = {
			isa = PBXGroup;
			children = (
				B30773C421E40F2A005357D2 /* SPInvocationGrabbing */,
				B30773C521E40F2B005357D2 /* SPMediaKeyTap.h */,
				B30773C321E40F29005357D2 /* SPMediaKeyTap.m */,
				B30773C221E40F28005357D2 /* NPR-Bridging-Header.h */,
			);
			path = SPMediaKeyTap;
			sourceTree = "<group>";
		};
=======
>>>>>>> 688ca53... Integrate with MediaKeyTap.
		B39DC9C721DEC775004D4AA0 = {
			isa = PBXGroup;
			children = (
				B39DC9D221DEC775004D4AA0 /* NPR */,
				B39DC9D121DEC775004D4AA0 /* Products */,
				F9092A3C8AE97C3D78AF34F2 /* Pods */,
				61068FE88826661519D02B5C /* Frameworks */,
			);
			sourceTree = "<group>";
		};
		B39DC9D121DEC775004D4AA0 /* Products */ = {
			isa = PBXGroup;
			children = (
				B39DC9D021DEC775004D4AA0 /* NPR.app */,
			);
			name = Products;
			sourceTree = "<group>";
		};
		B39DC9D221DEC775004D4AA0 /* NPR */ = {
			isa = PBXGroup;
			children = (
<<<<<<< HEAD
				B30773C121E40F15005357D2 /* SPMediaKeyTap */,
=======
>>>>>>> 688ca53... Integrate with MediaKeyTap.
				B30773BE21E40C4C005357D2 /* Extensions */,
				B39DC9ED21DF05EE004D4AA0 /* StationsManager.swift */,
				B39DC9D321DEC775004D4AA0 /* AppDelegate.swift */,
				B39DC9D521DEC777004D4AA0 /* Assets.xcassets */,
				B39DC9D721DEC777004D4AA0 /* MainMenu.xib */,
				B39DC9DA21DEC777004D4AA0 /* Info.plist */,
				B39DC9DB21DEC777004D4AA0 /* NPR.entitlements */,
				B39DC9E121DEC8D8004D4AA0 /* StationsViewController.swift */,
				B39DC9E221DEC8D8004D4AA0 /* StationsViewController.xib */,
				B30773CA21E41B65005357D2 /* AboutViewController.swift */,
				B39DC9E621DEC8F3004D4AA0 /* AboutViewController.xib */,
			);
			path = NPR;
			sourceTree = "<group>";
		};
		F9092A3C8AE97C3D78AF34F2 /* Pods */ = {
			isa = PBXGroup;
			children = (
				785D33762B5B498312EB51E6 /* Pods-NPR.debug.xcconfig */,
				D2B8C3C349D1431CB7D97586 /* Pods-NPR.release.xcconfig */,
			);
			name = Pods;
			sourceTree = "<group>";
		};
/* End PBXGroup section */

/* Begin PBXNativeTarget section */
		B39DC9CF21DEC775004D4AA0 /* NPR */ = {
			isa = PBXNativeTarget;
			buildConfigurationList = B39DC9DE21DEC777004D4AA0 /* Build configuration list for PBXNativeTarget "NPR" */;
			buildPhases = (
				E7AEA02CAC09986E5F00F6D7 /* [CP] Check Pods Manifest.lock */,
				B39DC9CC21DEC775004D4AA0 /* Sources */,
				B39DC9CD21DEC775004D4AA0 /* Frameworks */,
				B39DC9CE21DEC775004D4AA0 /* Resources */,
			);
			buildRules = (
			);
			dependencies = (
			);
			name = NPR;
			productName = NPR;
			productReference = B39DC9D021DEC775004D4AA0 /* NPR.app */;
			productType = "com.apple.product-type.application";
		};
/* End PBXNativeTarget section */

/* Begin PBXProject section */
		B39DC9C821DEC775004D4AA0 /* Project object */ = {
			isa = PBXProject;
			attributes = {
				LastSwiftUpdateCheck = 1010;
				LastUpgradeCheck = 1010;
				ORGANIZATIONNAME = "Connor Montgomery";
				TargetAttributes = {
					B39DC9CF21DEC775004D4AA0 = {
						CreatedOnToolsVersion = 10.1;
						LastSwiftMigration = 1010;
						SystemCapabilities = {
							com.apple.Sandbox = {
								enabled = 1;
							};
						};
					};
				};
			};
			buildConfigurationList = B39DC9CB21DEC775004D4AA0 /* Build configuration list for PBXProject "NPR" */;
			compatibilityVersion = "Xcode 9.3";
			developmentRegion = en;
			hasScannedForEncodings = 0;
			knownRegions = (
				en,
				Base,
			);
			mainGroup = B39DC9C721DEC775004D4AA0;
			productRefGroup = B39DC9D121DEC775004D4AA0 /* Products */;
			projectDirPath = "";
			projectRoot = "";
			targets = (
				B39DC9CF21DEC775004D4AA0 /* NPR */,
			);
		};
/* End PBXProject section */

/* Begin PBXResourcesBuildPhase section */
		B39DC9CE21DEC775004D4AA0 /* Resources */ = {
			isa = PBXResourcesBuildPhase;
			buildActionMask = 2147483647;
			files = (
				B39DC9E421DEC8D8004D4AA0 /* StationsViewController.xib in Resources */,
<<<<<<< HEAD
				B30773C821E40F2B005357D2 /* SPInvocationGrabbing in Resources */,
=======
>>>>>>> 688ca53... Integrate with MediaKeyTap.
				B39DC9D621DEC777004D4AA0 /* Assets.xcassets in Resources */,
				B39DC9E821DEC8F3004D4AA0 /* AboutViewController.xib in Resources */,
				B39DC9D921DEC777004D4AA0 /* MainMenu.xib in Resources */,
			);
			runOnlyForDeploymentPostprocessing = 0;
		};
/* End PBXResourcesBuildPhase section */

/* Begin PBXShellScriptBuildPhase section */
		E7AEA02CAC09986E5F00F6D7 /* [CP] Check Pods Manifest.lock */ = {
			isa = PBXShellScriptBuildPhase;
			buildActionMask = 2147483647;
			files = (
			);
			inputFileListPaths = (
			);
			inputPaths = (
				"${PODS_PODFILE_DIR_PATH}/Podfile.lock",
				"${PODS_ROOT}/Manifest.lock",
			);
			name = "[CP] Check Pods Manifest.lock";
			outputFileListPaths = (
			);
			outputPaths = (
				"$(DERIVED_FILE_DIR)/Pods-NPR-checkManifestLockResult.txt",
			);
			runOnlyForDeploymentPostprocessing = 0;
			shellPath = /bin/sh;
			shellScript = "diff \"${PODS_PODFILE_DIR_PATH}/Podfile.lock\" \"${PODS_ROOT}/Manifest.lock\" > /dev/null\nif [ $? != 0 ] ; then\n    # print error to STDERR\n    echo \"error: The sandbox is not in sync with the Podfile.lock. Run 'pod install' or update your CocoaPods installation.\" >&2\n    exit 1\nfi\n# This output is used by Xcode 'outputs' to avoid re-running this script phase.\necho \"SUCCESS\" > \"${SCRIPT_OUTPUT_FILE_0}\"\n";
			showEnvVarsInLog = 0;
		};
/* End PBXShellScriptBuildPhase section */

/* Begin PBXSourcesBuildPhase section */
		B39DC9CC21DEC775004D4AA0 /* Sources */ = {
			isa = PBXSourcesBuildPhase;
			buildActionMask = 2147483647;
			files = (
				B39DC9EE21DF05EE004D4AA0 /* StationsManager.swift in Sources */,
<<<<<<< HEAD
				B30773C721E40F2B005357D2 /* SPMediaKeyTap.m in Sources */,
=======
>>>>>>> 688ca53... Integrate with MediaKeyTap.
				B39DC9D421DEC775004D4AA0 /* AppDelegate.swift in Sources */,
				B39DC9E321DEC8D8004D4AA0 /* StationsViewController.swift in Sources */,
				B30773C021E40C5A005357D2 /* NSTextField+Extensions.swift in Sources */,
				B30773CB21E41B65005357D2 /* AboutViewController.swift in Sources */,
			);
			runOnlyForDeploymentPostprocessing = 0;
		};
/* End PBXSourcesBuildPhase section */

/* Begin PBXVariantGroup section */
		B39DC9D721DEC777004D4AA0 /* MainMenu.xib */ = {
			isa = PBXVariantGroup;
			children = (
				B39DC9D821DEC777004D4AA0 /* Base */,
			);
			name = MainMenu.xib;
			sourceTree = "<group>";
		};
/* End PBXVariantGroup section */

/* Begin XCBuildConfiguration section */
		B39DC9DC21DEC777004D4AA0 /* Debug */ = {
			isa = XCBuildConfiguration;
			buildSettings = {
				ALWAYS_SEARCH_USER_PATHS = NO;
				CLANG_ANALYZER_NONNULL = YES;
				CLANG_ANALYZER_NUMBER_OBJECT_CONVERSION = YES_AGGRESSIVE;
				CLANG_CXX_LANGUAGE_STANDARD = "gnu++14";
				CLANG_CXX_LIBRARY = "libc++";
				CLANG_ENABLE_MODULES = YES;
				CLANG_ENABLE_OBJC_ARC = YES;
				CLANG_ENABLE_OBJC_WEAK = YES;
				CLANG_WARN_BLOCK_CAPTURE_AUTORELEASING = YES;
				CLANG_WARN_BOOL_CONVERSION = YES;
				CLANG_WARN_COMMA = YES;
				CLANG_WARN_CONSTANT_CONVERSION = YES;
				CLANG_WARN_DEPRECATED_OBJC_IMPLEMENTATIONS = YES;
				CLANG_WARN_DIRECT_OBJC_ISA_USAGE = YES_ERROR;
				CLANG_WARN_DOCUMENTATION_COMMENTS = YES;
				CLANG_WARN_EMPTY_BODY = YES;
				CLANG_WARN_ENUM_CONVERSION = YES;
				CLANG_WARN_INFINITE_RECURSION = YES;
				CLANG_WARN_INT_CONVERSION = YES;
				CLANG_WARN_NON_LITERAL_NULL_CONVERSION = YES;
				CLANG_WARN_OBJC_IMPLICIT_RETAIN_SELF = YES;
				CLANG_WARN_OBJC_LITERAL_CONVERSION = YES;
				CLANG_WARN_OBJC_ROOT_CLASS = YES_ERROR;
				CLANG_WARN_RANGE_LOOP_ANALYSIS = YES;
				CLANG_WARN_STRICT_PROTOTYPES = YES;
				CLANG_WARN_SUSPICIOUS_MOVE = YES;
				CLANG_WARN_UNGUARDED_AVAILABILITY = YES_AGGRESSIVE;
				CLANG_WARN_UNREACHABLE_CODE = YES;
				CLANG_WARN__DUPLICATE_METHOD_MATCH = YES;
				CODE_SIGN_IDENTITY = "Mac Developer";
				COPY_PHASE_STRIP = NO;
				DEBUG_INFORMATION_FORMAT = dwarf;
				ENABLE_STRICT_OBJC_MSGSEND = YES;
				ENABLE_TESTABILITY = YES;
				GCC_C_LANGUAGE_STANDARD = gnu11;
				GCC_DYNAMIC_NO_PIC = NO;
				GCC_NO_COMMON_BLOCKS = YES;
				GCC_OPTIMIZATION_LEVEL = 0;
				GCC_PREPROCESSOR_DEFINITIONS = (
					"DEBUG=1",
					"$(inherited)",
				);
				GCC_WARN_64_TO_32_BIT_CONVERSION = YES;
				GCC_WARN_ABOUT_RETURN_TYPE = YES_ERROR;
				GCC_WARN_UNDECLARED_SELECTOR = YES;
				GCC_WARN_UNINITIALIZED_AUTOS = YES_AGGRESSIVE;
				GCC_WARN_UNUSED_FUNCTION = YES;
				GCC_WARN_UNUSED_VARIABLE = YES;
				MACOSX_DEPLOYMENT_TARGET = 10.14;
				MTL_ENABLE_DEBUG_INFO = INCLUDE_SOURCE;
				MTL_FAST_MATH = YES;
				ONLY_ACTIVE_ARCH = YES;
				SDKROOT = macosx;
				SWIFT_ACTIVE_COMPILATION_CONDITIONS = DEBUG;
				SWIFT_OPTIMIZATION_LEVEL = "-Onone";
			};
			name = Debug;
		};
		B39DC9DD21DEC777004D4AA0 /* Release */ = {
			isa = XCBuildConfiguration;
			buildSettings = {
				ALWAYS_SEARCH_USER_PATHS = NO;
				CLANG_ANALYZER_NONNULL = YES;
				CLANG_ANALYZER_NUMBER_OBJECT_CONVERSION = YES_AGGRESSIVE;
				CLANG_CXX_LANGUAGE_STANDARD = "gnu++14";
				CLANG_CXX_LIBRARY = "libc++";
				CLANG_ENABLE_MODULES = YES;
				CLANG_ENABLE_OBJC_ARC = YES;
				CLANG_ENABLE_OBJC_WEAK = YES;
				CLANG_WARN_BLOCK_CAPTURE_AUTORELEASING = YES;
				CLANG_WARN_BOOL_CONVERSION = YES;
				CLANG_WARN_COMMA = YES;
				CLANG_WARN_CONSTANT_CONVERSION = YES;
				CLANG_WARN_DEPRECATED_OBJC_IMPLEMENTATIONS = YES;
				CLANG_WARN_DIRECT_OBJC_ISA_USAGE = YES_ERROR;
				CLANG_WARN_DOCUMENTATION_COMMENTS = YES;
				CLANG_WARN_EMPTY_BODY = YES;
				CLANG_WARN_ENUM_CONVERSION = YES;
				CLANG_WARN_INFINITE_RECURSION = YES;
				CLANG_WARN_INT_CONVERSION = YES;
				CLANG_WARN_NON_LITERAL_NULL_CONVERSION = YES;
				CLANG_WARN_OBJC_IMPLICIT_RETAIN_SELF = YES;
				CLANG_WARN_OBJC_LITERAL_CONVERSION = YES;
				CLANG_WARN_OBJC_ROOT_CLASS = YES_ERROR;
				CLANG_WARN_RANGE_LOOP_ANALYSIS = YES;
				CLANG_WARN_STRICT_PROTOTYPES = YES;
				CLANG_WARN_SUSPICIOUS_MOVE = YES;
				CLANG_WARN_UNGUARDED_AVAILABILITY = YES_AGGRESSIVE;
				CLANG_WARN_UNREACHABLE_CODE = YES;
				CLANG_WARN__DUPLICATE_METHOD_MATCH = YES;
				CODE_SIGN_IDENTITY = "Mac Developer";
				COPY_PHASE_STRIP = NO;
				DEBUG_INFORMATION_FORMAT = "dwarf-with-dsym";
				ENABLE_NS_ASSERTIONS = NO;
				ENABLE_STRICT_OBJC_MSGSEND = YES;
				GCC_C_LANGUAGE_STANDARD = gnu11;
				GCC_NO_COMMON_BLOCKS = YES;
				GCC_WARN_64_TO_32_BIT_CONVERSION = YES;
				GCC_WARN_ABOUT_RETURN_TYPE = YES_ERROR;
				GCC_WARN_UNDECLARED_SELECTOR = YES;
				GCC_WARN_UNINITIALIZED_AUTOS = YES_AGGRESSIVE;
				GCC_WARN_UNUSED_FUNCTION = YES;
				GCC_WARN_UNUSED_VARIABLE = YES;
				MACOSX_DEPLOYMENT_TARGET = 10.14;
				MTL_ENABLE_DEBUG_INFO = NO;
				MTL_FAST_MATH = YES;
				SDKROOT = macosx;
				SWIFT_COMPILATION_MODE = wholemodule;
				SWIFT_OPTIMIZATION_LEVEL = "-O";
			};
			name = Release;
		};
		B39DC9DF21DEC777004D4AA0 /* Debug */ = {
			isa = XCBuildConfiguration;
			baseConfigurationReference = 785D33762B5B498312EB51E6 /* Pods-NPR.debug.xcconfig */;
			buildSettings = {
				ASSETCATALOG_COMPILER_APPICON_NAME = AppIcon;
				CLANG_ENABLE_MODULES = YES;
				CODE_SIGN_ENTITLEMENTS = NPR/NPR.entitlements;
				CODE_SIGN_STYLE = Automatic;
				COMBINE_HIDPI_IMAGES = YES;
				DEVELOPMENT_TEAM = 689W8ZHQK9;
				INFOPLIST_FILE = NPR/Info.plist;
				LD_RUNPATH_SEARCH_PATHS = (
					"$(inherited)",
					"@executable_path/../Frameworks",
				);
				PRODUCT_BUNDLE_IDENTIFIER = com.connormontgomery.npr;
				PRODUCT_NAME = "$(TARGET_NAME)";
<<<<<<< HEAD
				SWIFT_OBJC_BRIDGING_HEADER = "NPR/SPMediaKeyTap/NPR-Bridging-Header.h";
=======
>>>>>>> 688ca53... Integrate with MediaKeyTap.
				SWIFT_OPTIMIZATION_LEVEL = "-Onone";
				SWIFT_VERSION = 4.2;
			};
			name = Debug;
		};
		B39DC9E021DEC777004D4AA0 /* Release */ = {
			isa = XCBuildConfiguration;
			baseConfigurationReference = D2B8C3C349D1431CB7D97586 /* Pods-NPR.release.xcconfig */;
			buildSettings = {
				ASSETCATALOG_COMPILER_APPICON_NAME = AppIcon;
				CLANG_ENABLE_MODULES = YES;
				CODE_SIGN_ENTITLEMENTS = NPR/NPR.entitlements;
				CODE_SIGN_STYLE = Automatic;
				COMBINE_HIDPI_IMAGES = YES;
				DEVELOPMENT_TEAM = 689W8ZHQK9;
				INFOPLIST_FILE = NPR/Info.plist;
				LD_RUNPATH_SEARCH_PATHS = (
					"$(inherited)",
					"@executable_path/../Frameworks",
				);
				PRODUCT_BUNDLE_IDENTIFIER = com.connormontgomery.npr;
				PRODUCT_NAME = "$(TARGET_NAME)";
<<<<<<< HEAD
				SWIFT_OBJC_BRIDGING_HEADER = "NPR/SPMediaKeyTap/NPR-Bridging-Header.h";
=======
>>>>>>> 688ca53... Integrate with MediaKeyTap.
				SWIFT_VERSION = 4.2;
			};
			name = Release;
		};
/* End XCBuildConfiguration section */

/* Begin XCConfigurationList section */
		B39DC9CB21DEC775004D4AA0 /* Build configuration list for PBXProject "NPR" */ = {
			isa = XCConfigurationList;
			buildConfigurations = (
				B39DC9DC21DEC777004D4AA0 /* Debug */,
				B39DC9DD21DEC777004D4AA0 /* Release */,
			);
			defaultConfigurationIsVisible = 0;
			defaultConfigurationName = Release;
		};
		B39DC9DE21DEC777004D4AA0 /* Build configuration list for PBXNativeTarget "NPR" */ = {
			isa = XCConfigurationList;
			buildConfigurations = (
				B39DC9DF21DEC777004D4AA0 /* Debug */,
				B39DC9E021DEC777004D4AA0 /* Release */,
			);
			defaultConfigurationIsVisible = 0;
			defaultConfigurationName = Release;
		};
/* End XCConfigurationList section */
	};
	rootObject = B39DC9C821DEC775004D4AA0 /* Project object */;
}
